
Microsoft Visual Studio Solution File, Format Version 12.00
# Visual Studio 11
Project("{8BC9CEB8-8B4A-11D0-8D11-00A0C91BC942}") = "dx_hook", "dx_hook\dx_hook.vcxproj", "{8872B20D-A890-4E81-B36B-91A1DDE50847}"
EndProject
Project("{8BC9CEB8-8B4A-11D0-8D11-00A0C91BC942}") = "D2k_Loader", "D2k_Loader\D2k_Loader.vcxproj", "{B030D3B8-2816-4CC8-A01B-FE38EFEDE637}"
EndProject
Project("{8BC9CEB8-8B4A-11D0-8D11-00A0C91BC942}") = "Common", "Common\Common.vcxproj", "{D067A5F1-59A8-4C7F-B3AA-ABEA7FD0B9C3}"
EndProject
Global
	GlobalSection(SolutionConfigurationPlatforms) = preSolution
		Debug|Win32 = Debug|Win32
		Release|Win32 = Release|Win32
	EndGlobalSection
	GlobalSection(ProjectConfigurationPlatforms) = postSolution
		{8872B20D-A890-4E81-B36B-91A1DDE50847}.Debug|Win32.ActiveCfg = Debug|Win32
		{8872B20D-A890-4E81-B36B-91A1DDE50847}.Debug|Win32.Build.0 = Debug|Win32
		{8872B20D-A890-4E81-B36B-91A1DDE50847}.Release|Win32.ActiveCfg = Release|Win32
		{8872B20D-A890-4E81-B36B-91A1DDE50847}.Release|Win32.Build.0 = Release|Win32
		{B030D3B8-2816-4CC8-A01B-FE38EFEDE637}.Debug|Win32.ActiveCfg = Debug|Win32
		{B030D3B8-2816-4CC8-A01B-FE38EFEDE637}.Debug|Win32.Build.0 = Debug|Win32
		{B030D3B8-2816-4CC8-A01B-FE38EFEDE637}.Release|Win32.ActiveCfg = Release|Win32
		{B030D3B8-2816-4CC8-A01B-FE38EFEDE637}.Release|Win32.Build.0 = Release|Win32
		{D067A5F1-59A8-4C7F-B3AA-ABEA7FD0B9C3}.Debug|Win32.ActiveCfg = Debug|Win32
		{D067A5F1-59A8-4C7F-B3AA-ABEA7FD0B9C3}.Debug|Win32.Build.0 = Debug|Win32
		{D067A5F1-59A8-4C7F-B3AA-ABEA7FD0B9C3}.Release|Win32.ActiveCfg = Release|Win32
		{D067A5F1-59A8-4C7F-B3AA-ABEA7FD0B9C3}.Release|Win32.Build.0 = Release|Win32
	EndGlobalSection
	GlobalSection(SolutionProperties) = preSolution
		HideSolutionNode = FALSE
	EndGlobalSection
EndGlobal
